
Microsoft Visual Studio Solution File, Format Version 12.00
# Visual Studio Version 16
VisualStudioVersion = 16.0.31205.134
MinimumVisualStudioVersion = 10.0.40219.1
Project("{8BC9CEB8-8B4A-11D0-8D11-00A0C91BC942}") = "singlyLinkedLists", "singlyLinkedLists\singlyLinkedLists.vcxproj", "{1EA42D1A-2438-4654-83C7-5E7B4179E55B}"
EndProject
Global
	GlobalSection(SolutionConfigurationPlatforms) = preSolution
		Debug|x64 = Debug|x64
		Debug|x86 = Debug|x86
		Release|x64 = Release|x64
		Release|x86 = Release|x86
	EndGlobalSection
	GlobalSection(ProjectConfigurationPlatforms) = postSolution
		{1EA42D1A-2438-4654-83C7-5E7B4179E55B}.Debug|x64.ActiveCfg = Debug|x64
		{1EA42D1A-2438-4654-83C7-5E7B4179E55B}.Debug|x64.Build.0 = Debug|x64
		{1EA42D1A-2438-4654-83C7-5E7B4179E55B}.Debug|x86.ActiveCfg = Debug|Win32
		{1EA42D1A-2438-4654-83C7-5E7B4179E55B}.Debug|x86.Build.0 = Debug|Win32
		{1EA42D1A-2438-4654-83C7-5E7B4179E55B}.Release|x64.ActiveCfg = Release|x64
		{1EA42D1A-2438-4654-83C7-5E7B4179E55B}.Release|x64.Build.0 = Release|x64
		{1EA42D1A-2438-4654-83C7-5E7B4179E55B}.Release|x86.ActiveCfg = Release|Win32
		{1EA42D1A-2438-4654-83C7-5E7B4179E55B}.Release|x86.Build.0 = Release|Win32
	EndGlobalSection
	GlobalSection(SolutionProperties) = preSolution
		HideSolutionNode = FALSE
	EndGlobalSection
	GlobalSection(ExtensibilityGlobals) = postSolution
		SolutionGuid = {626791F2-87EB-49D6-8F27-FDBC7B3347DF}
	EndGlobalSection
EndGlobal
